
Microsoft Visual Studio Solution File, Format Version 12.00
# Visual Studio 15
VisualStudioVersion = 15.0.27004.2009
MinimumVisualStudioVersion = 10.0.40219.1
Project("{FAE04EC0-301F-11D3-BF4B-00C04F79EFBC}") = "DataBinding.Android", "DataBinding\DataBinding.Android\DataBinding.Android.csproj", "{AC7E5C06-8A54-43E6-80DD-A4C281D2E410}"
EndProject
Project("{FAE04EC0-301F-11D3-BF4B-00C04F79EFBC}") = "DataBinding", "DataBinding\DataBinding\DataBinding.csproj", "{00B345A4-E4CA-49ED-8C44-406807E4EFFA}"
EndProject
Project("{FAE04EC0-301F-11D3-BF4B-00C04F79EFBC}") = "DataBinding.UWP", "DataBinding\DataBinding.UWP\DataBinding.UWP.csproj", "{5226CB61-7131-4702-8152-0B401D83B6D9}"
EndProject
Project("{FAE04EC0-301F-11D3-BF4B-00C04F79EFBC}") = "DataBinding.iOS", "DataBinding\DataBinding.iOS\DataBinding.iOS.csproj", "{75FA9B11-12A6-44CF-809D-9CCE586F925B}"
EndProject
Global
	GlobalSection(SolutionConfigurationPlatforms) = preSolution
		Ad-Hoc|Any CPU = Ad-Hoc|Any CPU
		Ad-Hoc|ARM = Ad-Hoc|ARM
		Ad-Hoc|iPhone = Ad-Hoc|iPhone
		Ad-Hoc|iPhoneSimulator = Ad-Hoc|iPhoneSimulator
		Ad-Hoc|x64 = Ad-Hoc|x64
		Ad-Hoc|x86 = Ad-Hoc|x86
		AppStore|Any CPU = AppStore|Any CPU
		AppStore|ARM = AppStore|ARM
		AppStore|iPhone = AppStore|iPhone
		AppStore|iPhoneSimulator = AppStore|iPhoneSimulator
		AppStore|x64 = AppStore|x64
		AppStore|x86 = AppStore|x86
		Debug|Any CPU = Debug|Any CPU
		Debug|ARM = Debug|ARM
		Debug|iPhone = Debug|iPhone
		Debug|iPhoneSimulator = Debug|iPhoneSimulator
		Debug|x64 = Debug|x64
		Debug|x86 = Debug|x86
		Release|Any CPU = Release|Any CPU
		Release|ARM = Release|ARM
		Release|iPhone = Release|iPhone
		Release|iPhoneSimulator = Release|iPhoneSimulator
		Release|x64 = Release|x64
		Release|x86 = Release|x86
	EndGlobalSection
	GlobalSection(ProjectConfigurationPlatforms) = postSolution
		{AC7E5C06-8A54-43E6-80DD-A4C281D2E410}.Ad-Hoc|Any CPU.ActiveCfg = Release|Any CPU
		{AC7E5C06-8A54-43E6-80DD-A4C281D2E410}.Ad-Hoc|Any CPU.Build.0 = Release|Any CPU
		{AC7E5C06-8A54-43E6-80DD-A4C281D2E410}.Ad-Hoc|Any CPU.Deploy.0 = Release|Any CPU
		{AC7E5C06-8A54-43E6-80DD-A4C281D2E410}.Ad-Hoc|ARM.ActiveCfg = Release|Any CPU
		{AC7E5C06-8A54-43E6-80DD-A4C281D2E410}.Ad-Hoc|ARM.Build.0 = Release|Any CPU
		{AC7E5C06-8A54-43E6-80DD-A4C281D2E410}.Ad-Hoc|ARM.Deploy.0 = Release|Any CPU
		{AC7E5C06-8A54-43E6-80DD-A4C281D2E410}.Ad-Hoc|iPhone.ActiveCfg = Release|Any CPU
		{AC7E5C06-8A54-43E6-80DD-A4C281D2E410}.Ad-Hoc|iPhone.Build.0 = Release|Any CPU
		{AC7E5C06-8A54-43E6-80DD-A4C281D2E410}.Ad-Hoc|iPhone.Deploy.0 = Release|Any CPU
		{AC7E5C06-8A54-43E6-80DD-A4C281D2E410}.Ad-Hoc|iPhoneSimulator.ActiveCfg = Release|Any CPU
		{AC7E5C06-8A54-43E6-80DD-A4C281D2E410}.Ad-Hoc|iPhoneSimulator.Build.0 = Release|Any CPU
		{AC7E5C06-8A54-43E6-80DD-A4C281D2E410}.Ad-Hoc|iPhoneSimulator.Deploy.0 = Release|Any CPU
		{AC7E5C06-8A54-43E6-80DD-A4C281D2E410}.Ad-Hoc|x64.ActiveCfg = Release|Any CPU
		{AC7E5C06-8A54-43E6-80DD-A4C281D2E410}.Ad-Hoc|x64.Build.0 = Release|Any CPU
		{AC7E5C06-8A54-43E6-80DD-A4C281D2E410}.Ad-Hoc|x64.Deploy.0 = Release|Any CPU
		{AC7E5C06-8A54-43E6-80DD-A4C281D2E410}.Ad-Hoc|x86.ActiveCfg = Release|Any CPU
		{AC7E5C06-8A54-43E6-80DD-A4C281D2E410}.Ad-Hoc|x86.Build.0 = Release|Any CPU
		{AC7E5C06-8A54-43E6-80DD-A4C281D2E410}.Ad-Hoc|x86.Deploy.0 = Release|Any CPU
		{AC7E5C06-8A54-43E6-80DD-A4C281D2E410}.AppStore|Any CPU.ActiveCfg = Release|Any CPU
		{AC7E5C06-8A54-43E6-80DD-A4C281D2E410}.AppStore|Any CPU.Build.0 = Release|Any CPU
		{AC7E5C06-8A54-43E6-80DD-A4C281D2E410}.AppStore|Any CPU.Deploy.0 = Release|Any CPU
		{AC7E5C06-8A54-43E6-80DD-A4C281D2E410}.AppStore|ARM.ActiveCfg = Release|Any CPU
		{AC7E5C06-8A54-43E6-80DD-A4C281D2E410}.AppStore|ARM.Build.0 = Release|Any CPU
		{AC7E5C06-8A54-43E6-80DD-A4C281D2E410}.AppStore|ARM.Deploy.0 = Release|Any CPU
		{AC7E5C06-8A54-43E6-80DD-A4C281D2E410}.AppStore|iPhone.ActiveCfg = Release|Any CPU
		{AC7E5C06-8A54-43E6-80DD-A4C281D2E410}.AppStore|iPhone.Build.0 = Release|Any CPU
		{AC7E5C06-8A54-43E6-80DD-A4C281D2E410}.AppStore|iPhone.Deploy.0 = Release|Any CPU
		{AC7E5C06-8A54-43E6-80DD-A4C281D2E410}.AppStore|iPhoneSimulator.ActiveCfg = Release|Any CPU
		{AC7E5C06-8A54-43E6-80DD-A4C281D2E410}.AppStore|iPhoneSimulator.Build.0 = Release|Any CPU
		{AC7E5C06-8A54-43E6-80DD-A4C281D2E410}.AppStore|iPhoneSimulator.Deploy.0 = Release|Any CPU
		{AC7E5C06-8A54-43E6-80DD-A4C281D2E410}.AppStore|x64.ActiveCfg = Release|Any CPU
		{AC7E5C06-8A54-43E6-80DD-A4C281D2E410}.AppStore|x64.Build.0 = Release|Any CPU
		{AC7E5C06-8A54-43E6-80DD-A4C281D2E410}.AppStore|x64.Deploy.0 = Release|Any CPU
		{AC7E5C06-8A54-43E6-80DD-A4C281D2E410}.AppStore|x86.ActiveCfg = Release|Any CPU
		{AC7E5C06-8A54-43E6-80DD-A4C281D2E410}.AppStore|x86.Build.0 = Release|Any CPU
		{AC7E5C06-8A54-43E6-80DD-A4C281D2E410}.AppStore|x86.Deploy.0 = Release|Any CPU
		{AC7E5C06-8A54-43E6-80DD-A4C281D2E410}.Debug|Any CPU.ActiveCfg = Debug|Any CPU
		{AC7E5C06-8A54-43E6-80DD-A4C281D2E410}.Debug|Any CPU.Build.0 = Debug|Any CPU
		{AC7E5C06-8A54-43E6-80DD-A4C281D2E410}.Debug|Any CPU.Deploy.0 = Debug|Any CPU
		{AC7E5C06-8A54-43E6-80DD-A4C281D2E410}.Debug|ARM.ActiveCfg = Debug|Any CPU
		{AC7E5C06-8A54-43E6-80DD-A4C281D2E410}.Debug|ARM.Build.0 = Debug|Any CPU
		{AC7E5C06-8A54-43E6-80DD-A4C281D2E410}.Debug|ARM.Deploy.0 = Debug|Any CPU
		{AC7E5C06-8A54-43E6-80DD-A4C281D2E410}.Debug|iPhone.ActiveCfg = Debug|Any CPU
		{AC7E5C06-8A54-43E6-80DD-A4C281D2E410}.Debug|iPhone.Build.0 = Debug|Any CPU
		{AC7E5C06-8A54-43E6-80DD-A4C281D2E410}.Debug|iPhone.Deploy.0 = Debug|Any CPU
		{AC7E5C06-8A54-43E6-80DD-A4C281D2E410}.Debug|iPhoneSimulator.ActiveCfg = Debug|Any CPU
		{AC7E5C06-8A54-43E6-80DD-A4C281D2E410}.Debug|iPhoneSimulator.Build.0 = Debug|Any CPU
		{AC7E5C06-8A54-43E6-80DD-A4C281D2E410}.Debug|iPhoneSimulator.Deploy.0 = Debug|Any CPU
		{AC7E5C06-8A54-43E6-80DD-A4C281D2E410}.Debug|x64.ActiveCfg = Debug|Any CPU
		{AC7E5C06-8A54-43E6-80DD-A4C281D2E410}.Debug|x64.Build.0 = Debug|Any CPU
		{AC7E5C06-8A54-43E6-80DD-A4C281D2E410}.Debug|x64.Deploy.0 = Debug|Any CPU
		{AC7E5C06-8A54-43E6-80DD-A4C281D2E410}.Debug|x86.ActiveCfg = Debug|Any CPU
		{AC7E5C06-8A54-43E6-80DD-A4C281D2E410}.Debug|x86.Build.0 = Debug|Any CPU
		{AC7E5C06-8A54-43E6-80DD-A4C281D2E410}.Debug|x86.Deploy.0 = Debug|Any CPU
		{AC7E5C06-8A54-43E6-80DD-A4C281D2E410}.Release|Any CPU.ActiveCfg = Release|Any CPU
		{AC7E5C06-8A54-43E6-80DD-A4C281D2E410}.Release|Any CPU.Build.0 = Release|Any CPU
		{AC7E5C06-8A54-43E6-80DD-A4C281D2E410}.Release|Any CPU.Deploy.0 = Release|Any CPU
		{AC7E5C06-8A54-43E6-80DD-A4C281D2E410}.Release|ARM.ActiveCfg = Release|Any CPU
		{AC7E5C06-8A54-43E6-80DD-A4C281D2E410}.Release|ARM.Build.0 = Release|Any CPU
		{AC7E5C06-8A54-43E6-80DD-A4C281D2E410}.Release|ARM.Deploy.0 = Release|Any CPU
		{AC7E5C06-8A54-43E6-80DD-A4C281D2E410}.Release|iPhone.ActiveCfg = Release|Any CPU
		{AC7E5C06-8A54-43E6-80DD-A4C281D2E410}.Release|iPhone.Build.0 = Release|Any CPU
		{AC7E5C06-8A54-43E6-80DD-A4C281D2E410}.Release|iPhone.Deploy.0 = Release|Any CPU
		{AC7E5C06-8A54-43E6-80DD-A4C281D2E410}.Release|iPhoneSimulator.ActiveCfg = Release|Any CPU
		{AC7E5C06-8A54-43E6-80DD-A4C281D2E410}.Release|iPhoneSimulator.Build.0 = Release|Any CPU
		{AC7E5C06-8A54-43E6-80DD-A4C281D2E410}.Release|iPhoneSimulator.Deploy.0 = Release|Any CPU
		{AC7E5C06-8A54-43E6-80DD-A4C281D2E410}.Release|x64.ActiveCfg = Release|Any CPU
		{AC7E5C06-8A54-43E6-80DD-A4C281D2E410}.Release|x64.Build.0 = Release|Any CPU
		{AC7E5C06-8A54-43E6-80DD-A4C281D2E410}.Release|x64.Deploy.0 = Release|Any CPU
		{AC7E5C06-8A54-43E6-80DD-A4C281D2E410}.Release|x86.ActiveCfg = Release|Any CPU
		{AC7E5C06-8A54-43E6-80DD-A4C281D2E410}.Release|x86.Build.0 = Release|Any CPU
		{AC7E5C06-8A54-43E6-80DD-A4C281D2E410}.Release|x86.Deploy.0 = Release|Any CPU
		{00B345A4-E4CA-49ED-8C44-406807E4EFFA}.Ad-Hoc|Any CPU.ActiveCfg = Release|Any CPU
		{00B345A4-E4CA-49ED-8C44-406807E4EFFA}.Ad-Hoc|Any CPU.Build.0 = Release|Any CPU
		{00B345A4-E4CA-49ED-8C44-406807E4EFFA}.Ad-Hoc|ARM.ActiveCfg = Release|Any CPU
		{00B345A4-E4CA-49ED-8C44-406807E4EFFA}.Ad-Hoc|ARM.Build.0 = Release|Any CPU
		{00B345A4-E4CA-49ED-8C44-406807E4EFFA}.Ad-Hoc|iPhone.ActiveCfg = Release|Any CPU
		{00B345A4-E4CA-49ED-8C44-406807E4EFFA}.Ad-Hoc|iPhone.Build.0 = Release|Any CPU
		{00B345A4-E4CA-49ED-8C44-406807E4EFFA}.Ad-Hoc|iPhoneSimulator.ActiveCfg = Release|Any CPU
		{00B345A4-E4CA-49ED-8C44-406807E4EFFA}.Ad-Hoc|iPhoneSimulator.Build.0 = Release|Any CPU
		{00B345A4-E4CA-49ED-8C44-406807E4EFFA}.Ad-Hoc|x64.ActiveCfg = Release|Any CPU
		{00B345A4-E4CA-49ED-8C44-406807E4EFFA}.Ad-Hoc|x64.Build.0 = Release|Any CPU
		{00B345A4-E4CA-49ED-8C44-406807E4EFFA}.Ad-Hoc|x86.ActiveCfg = Release|Any CPU
		{00B345A4-E4CA-49ED-8C44-406807E4EFFA}.Ad-Hoc|x86.Build.0 = Release|Any CPU
		{00B345A4-E4CA-49ED-8C44-406807E4EFFA}.AppStore|Any CPU.ActiveCfg = Release|Any CPU
		{00B345A4-E4CA-49ED-8C44-406807E4EFFA}.AppStore|Any CPU.Build.0 = Release|Any CPU
		{00B345A4-E4CA-49ED-8C44-406807E4EFFA}.AppStore|ARM.ActiveCfg = Release|Any CPU
		{00B345A4-E4CA-49ED-8C44-406807E4EFFA}.AppStore|ARM.Build.0 = Release|Any CPU
		{00B345A4-E4CA-49ED-8C44-406807E4EFFA}.AppStore|iPhone.ActiveCfg = Release|Any CPU
		{00B345A4-E4CA-49ED-8C44-406807E4EFFA}.AppStore|iPhone.Build.0 = Release|Any CPU
		{00B345A4-E4CA-49ED-8C44-406807E4EFFA}.AppStore|iPhoneSimulator.ActiveCfg = Release|Any CPU
		{00B345A4-E4CA-49ED-8C44-406807E4EFFA}.AppStore|iPhoneSimulator.Build.0 = Release|Any CPU
		{00B345A4-E4CA-49ED-8C44-406807E4EFFA}.AppStore|x64.ActiveCfg = Release|Any CPU
		{00B345A4-E4CA-49ED-8C44-406807E4EFFA}.AppStore|x64.Build.0 = Release|Any CPU
		{00B345A4-E4CA-49ED-8C44-406807E4EFFA}.AppStore|x86.ActiveCfg = Release|Any CPU
		{00B345A4-E4CA-49ED-8C44-406807E4EFFA}.AppStore|x86.Build.0 = Release|Any CPU
		{00B345A4-E4CA-49ED-8C44-406807E4EFFA}.Debug|Any CPU.ActiveCfg = Debug|Any CPU
		{00B345A4-E4CA-49ED-8C44-406807E4EFFA}.Debug|Any CPU.Build.0 = Debug|Any CPU
		{00B345A4-E4CA-49ED-8C44-406807E4EFFA}.Debug|ARM.ActiveCfg = Debug|Any CPU
		{00B345A4-E4CA-49ED-8C44-406807E4EFFA}.Debug|ARM.Build.0 = Debug|Any CPU
		{00B345A4-E4CA-49ED-8C44-406807E4EFFA}.Debug|iPhone.ActiveCfg = Debug|Any CPU
		{00B345A4-E4CA-49ED-8C44-406807E4EFFA}.Debug|iPhone.Build.0 = Debug|Any CPU
		{00B345A4-E4CA-49ED-8C44-406807E4EFFA}.Debug|iPhoneSimulator.ActiveCfg = Debug|Any CPU
		{00B345A4-E4CA-49ED-8C44-406807E4EFFA}.Debug|iPhoneSimulator.Build.0 = Debug|Any CPU
		{00B345A4-E4CA-49ED-8C44-406807E4EFFA}.Debug|x64.ActiveCfg = Debug|Any CPU
		{00B345A4-E4CA-49ED-8C44-406807E4EFFA}.Debug|x64.Build.0 = Debug|Any CPU
		{00B345A4-E4CA-49ED-8C44-406807E4EFFA}.Debug|x86.ActiveCfg = Debug|Any CPU
		{00B345A4-E4CA-49ED-8C44-406807E4EFFA}.Debug|x86.Build.0 = Debug|Any CPU
		{00B345A4-E4CA-49ED-8C44-406807E4EFFA}.Release|Any CPU.ActiveCfg = Release|Any CPU
		{00B345A4-E4CA-49ED-8C44-406807E4EFFA}.Release|Any CPU.Build.0 = Release|Any CPU
		{00B345A4-E4CA-49ED-8C44-406807E4EFFA}.Release|ARM.ActiveCfg = Release|Any CPU
		{00B345A4-E4CA-49ED-8C44-406807E4EFFA}.Release|ARM.Build.0 = Release|Any CPU
		{00B345A4-E4CA-49ED-8C44-406807E4EFFA}.Release|iPhone.ActiveCfg = Release|Any CPU
		{00B345A4-E4CA-49ED-8C44-406807E4EFFA}.Release|iPhone.Build.0 = Release|Any CPU
		{00B345A4-E4CA-49ED-8C44-406807E4EFFA}.Release|iPhoneSimulator.ActiveCfg = Release|Any CPU
		{00B345A4-E4CA-49ED-8C44-406807E4EFFA}.Release|iPhoneSimulator.Build.0 = Release|Any CPU
		{00B345A4-E4CA-49ED-8C44-406807E4EFFA}.Release|x64.ActiveCfg = Release|Any CPU
		{00B345A4-E4CA-49ED-8C44-406807E4EFFA}.Release|x64.Build.0 = Release|Any CPU
		{00B345A4-E4CA-49ED-8C44-406807E4EFFA}.Release|x86.ActiveCfg = Release|Any CPU
		{00B345A4-E4CA-49ED-8C44-406807E4EFFA}.Release|x86.Build.0 = Release|Any CPU
		{5226CB61-7131-4702-8152-0B401D83B6D9}.Ad-Hoc|Any CPU.ActiveCfg = Release|x86
		{5226CB61-7131-4702-8152-0B401D83B6D9}.Ad-Hoc|Any CPU.Build.0 = Release|x86
		{5226CB61-7131-4702-8152-0B401D83B6D9}.Ad-Hoc|Any CPU.Deploy.0 = Release|x86
		{5226CB61-7131-4702-8152-0B401D83B6D9}.Ad-Hoc|ARM.ActiveCfg = Release|ARM
		{5226CB61-7131-4702-8152-0B401D83B6D9}.Ad-Hoc|ARM.Build.0 = Release|ARM
		{5226CB61-7131-4702-8152-0B401D83B6D9}.Ad-Hoc|ARM.Deploy.0 = Release|ARM
		{5226CB61-7131-4702-8152-0B401D83B6D9}.Ad-Hoc|iPhone.ActiveCfg = Release|x86
		{5226CB61-7131-4702-8152-0B401D83B6D9}.Ad-Hoc|iPhone.Build.0 = Release|x86
		{5226CB61-7131-4702-8152-0B401D83B6D9}.Ad-Hoc|iPhone.Deploy.0 = Release|x86
		{5226CB61-7131-4702-8152-0B401D83B6D9}.Ad-Hoc|iPhoneSimulator.ActiveCfg = Release|x86
		{5226CB61-7131-4702-8152-0B401D83B6D9}.Ad-Hoc|iPhoneSimulator.Build.0 = Release|x86
		{5226CB61-7131-4702-8152-0B401D83B6D9}.Ad-Hoc|iPhoneSimulator.Deploy.0 = Release|x86
		{5226CB61-7131-4702-8152-0B401D83B6D9}.Ad-Hoc|x64.ActiveCfg = Release|x64
		{5226CB61-7131-4702-8152-0B401D83B6D9}.Ad-Hoc|x64.Build.0 = Release|x64
		{5226CB61-7131-4702-8152-0B401D83B6D9}.Ad-Hoc|x64.Deploy.0 = Release|x64
		{5226CB61-7131-4702-8152-0B401D83B6D9}.Ad-Hoc|x86.ActiveCfg = Release|x86
		{5226CB61-7131-4702-8152-0B401D83B6D9}.Ad-Hoc|x86.Build.0 = Release|x86
		{5226CB61-7131-4702-8152-0B401D83B6D9}.Ad-Hoc|x86.Deploy.0 = Release|x86
		{5226CB61-7131-4702-8152-0B401D83B6D9}.AppStore|Any CPU.ActiveCfg = Release|x86
		{5226CB61-7131-4702-8152-0B401D83B6D9}.AppStore|Any CPU.Build.0 = Release|x86
		{5226CB61-7131-4702-8152-0B401D83B6D9}.AppStore|Any CPU.Deploy.0 = Release|x86
		{5226CB61-7131-4702-8152-0B401D83B6D9}.AppStore|ARM.ActiveCfg = Release|ARM
		{5226CB61-7131-4702-8152-0B401D83B6D9}.AppStore|ARM.Build.0 = Release|ARM
		{5226CB61-7131-4702-8152-0B401D83B6D9}.AppStore|ARM.Deploy.0 = Release|ARM
		{5226CB61-7131-4702-8152-0B401D83B6D9}.AppStore|iPhone.ActiveCfg = Release|x86
		{5226CB61-7131-4702-8152-0B401D83B6D9}.AppStore|iPhone.Build.0 = Release|x86
		{5226CB61-7131-4702-8152-0B401D83B6D9}.AppStore|iPhone.Deploy.0 = Release|x86
		{5226CB61-7131-4702-8152-0B401D83B6D9}.AppStore|iPhoneSimulator.ActiveCfg = Release|x86
		{5226CB61-7131-4702-8152-0B401D83B6D9}.AppStore|iPhoneSimulator.Build.0 = Release|x86
		{5226CB61-7131-4702-8152-0B401D83B6D9}.AppStore|iPhoneSimulator.Deploy.0 = Release|x86
		{5226CB61-7131-4702-8152-0B401D83B6D9}.AppStore|x64.ActiveCfg = Release|x64
		{5226CB61-7131-4702-8152-0B401D83B6D9}.AppStore|x64.Build.0 = Release|x64
		{5226CB61-7131-4702-8152-0B401D83B6D9}.AppStore|x64.Deploy.0 = Release|x64
		{5226CB61-7131-4702-8152-0B401D83B6D9}.AppStore|x86.ActiveCfg = Release|x86
		{5226CB61-7131-4702-8152-0B401D83B6D9}.AppStore|x86.Build.0 = Release|x86
		{5226CB61-7131-4702-8152-0B401D83B6D9}.AppStore|x86.Deploy.0 = Release|x86
		{5226CB61-7131-4702-8152-0B401D83B6D9}.Debug|Any CPU.ActiveCfg = Debug|x86
		{5226CB61-7131-4702-8152-0B401D83B6D9}.Debug|ARM.ActiveCfg = Debug|ARM
		{5226CB61-7131-4702-8152-0B401D83B6D9}.Debug|ARM.Build.0 = Debug|ARM
		{5226CB61-7131-4702-8152-0B401D83B6D9}.Debug|ARM.Deploy.0 = Debug|ARM
		{5226CB61-7131-4702-8152-0B401D83B6D9}.Debug|iPhone.ActiveCfg = Debug|x86
		{5226CB61-7131-4702-8152-0B401D83B6D9}.Debug|iPhoneSimulator.ActiveCfg = Debug|x86
		{5226CB61-7131-4702-8152-0B401D83B6D9}.Debug|x64.ActiveCfg = Debug|x64
		{5226CB61-7131-4702-8152-0B401D83B6D9}.Debug|x64.Build.0 = Debug|x64
		{5226CB61-7131-4702-8152-0B401D83B6D9}.Debug|x64.Deploy.0 = Debug|x64
		{5226CB61-7131-4702-8152-0B401D83B6D9}.Debug|x86.ActiveCfg = Debug|x86
		{5226CB61-7131-4702-8152-0B401D83B6D9}.Debug|x86.Build.0 = Debug|x86
		{5226CB61-7131-4702-8152-0B401D83B6D9}.Debug|x86.Deploy.0 = Debug|x86
		{5226CB61-7131-4702-8152-0B401D83B6D9}.Release|Any CPU.ActiveCfg = Release|x86
		{5226CB61-7131-4702-8152-0B401D83B6D9}.Release|ARM.ActiveCfg = Release|ARM
		{5226CB61-7131-4702-8152-0B401D83B6D9}.Release|ARM.Build.0 = Release|ARM
		{5226CB61-7131-4702-8152-0B401D83B6D9}.Release|ARM.Deploy.0 = Release|ARM
		{5226CB61-7131-4702-8152-0B401D83B6D9}.Release|iPhone.ActiveCfg = Release|x86
		{5226CB61-7131-4702-8152-0B401D83B6D9}.Release|iPhoneSimulator.ActiveCfg = Release|x86
		{5226CB61-7131-4702-8152-0B401D83B6D9}.Release|x64.ActiveCfg = Release|x64
		{5226CB61-7131-4702-8152-0B401D83B6D9}.Release|x64.Build.0 = Release|x64
		{5226CB61-7131-4702-8152-0B401D83B6D9}.Release|x64.Deploy.0 = Release|x64
		{5226CB61-7131-4702-8152-0B401D83B6D9}.Release|x86.ActiveCfg = Release|x86
		{5226CB61-7131-4702-8152-0B401D83B6D9}.Release|x86.Build.0 = Release|x86
		{5226CB61-7131-4702-8152-0B401D83B6D9}.Release|x86.Deploy.0 = Release|x86
		{75FA9B11-12A6-44CF-809D-9CCE586F925B}.Ad-Hoc|Any CPU.ActiveCfg = Ad-Hoc|iPhoneSimulator
		{75FA9B11-12A6-44CF-809D-9CCE586F925B}.Ad-Hoc|ARM.ActiveCfg = Ad-Hoc|iPhone
		{75FA9B11-12A6-44CF-809D-9CCE586F925B}.Ad-Hoc|iPhone.ActiveCfg = Ad-Hoc|iPhone
		{75FA9B11-12A6-44CF-809D-9CCE586F925B}.Ad-Hoc|iPhone.Build.0 = Ad-Hoc|iPhone
		{75FA9B11-12A6-44CF-809D-9CCE586F925B}.Ad-Hoc|iPhoneSimulator.ActiveCfg = Ad-Hoc|iPhoneSimulator
		{75FA9B11-12A6-44CF-809D-9CCE586F925B}.Ad-Hoc|iPhoneSimulator.Build.0 = Ad-Hoc|iPhoneSimulator
		{75FA9B11-12A6-44CF-809D-9CCE586F925B}.Ad-Hoc|x64.ActiveCfg = Ad-Hoc|iPhone
		{75FA9B11-12A6-44CF-809D-9CCE586F925B}.Ad-Hoc|x86.ActiveCfg = Ad-Hoc|iPhone
		{75FA9B11-12A6-44CF-809D-9CCE586F925B}.AppStore|Any CPU.ActiveCfg = AppStore|iPhoneSimulator
		{75FA9B11-12A6-44CF-809D-9CCE586F925B}.AppStore|ARM.ActiveCfg = AppStore|iPhone
		{75FA9B11-12A6-44CF-809D-9CCE586F925B}.AppStore|iPhone.ActiveCfg = AppStore|iPhone
		{75FA9B11-12A6-44CF-809D-9CCE586F925B}.AppStore|iPhone.Build.0 = AppStore|iPhone
		{75FA9B11-12A6-44CF-809D-9CCE586F925B}.AppStore|iPhoneSimulator.ActiveCfg = AppStore|iPhoneSimulator
		{75FA9B11-12A6-44CF-809D-9CCE586F925B}.AppStore|iPhoneSimulator.Build.0 = AppStore|iPhoneSimulator
		{75FA9B11-12A6-44CF-809D-9CCE586F925B}.AppStore|x64.ActiveCfg = AppStore|iPhone
		{75FA9B11-12A6-44CF-809D-9CCE586F925B}.AppStore|x86.ActiveCfg = AppStore|iPhone
		{75FA9B11-12A6-44CF-809D-9CCE586F925B}.Debug|Any CPU.ActiveCfg = Debug|iPhoneSimulator
		{75FA9B11-12A6-44CF-809D-9CCE586F925B}.Debug|ARM.ActiveCfg = Debug|iPhone
		{75FA9B11-12A6-44CF-809D-9CCE586F925B}.Debug|iPhone.ActiveCfg = Debug|iPhone
		{75FA9B11-12A6-44CF-809D-9CCE586F925B}.Debug|iPhone.Build.0 = Debug|iPhone
		{75FA9B11-12A6-44CF-809D-9CCE586F925B}.Debug|iPhoneSimulator.ActiveCfg = Debug|iPhoneSimulator
		{75FA9B11-12A6-44CF-809D-9CCE586F925B}.Debug|iPhoneSimulator.Build.0 = Debug|iPhoneSimulator
		{75FA9B11-12A6-44CF-809D-9CCE586F925B}.Debug|x64.ActiveCfg = Debug|iPhone
		{75FA9B11-12A6-44CF-809D-9CCE586F925B}.Debug|x86.ActiveCfg = Debug|iPhone
		{75FA9B11-12A6-44CF-809D-9CCE586F925B}.Release|Any CPU.ActiveCfg = Release|iPhoneSimulator
		{75FA9B11-12A6-44CF-809D-9CCE586F925B}.Release|ARM.ActiveCfg = Release|iPhone
		{75FA9B11-12A6-44CF-809D-9CCE586F925B}.Release|iPhone.ActiveCfg = Release|iPhone
		{75FA9B11-12A6-44CF-809D-9CCE586F925B}.Release|iPhone.Build.0 = Release|iPhone
		{75FA9B11-12A6-44CF-809D-9CCE586F925B}.Release|iPhoneSimulator.ActiveCfg = Release|iPhoneSimulator
		{75FA9B11-12A6-44CF-809D-9CCE586F925B}.Release|iPhoneSimulator.Build.0 = Release|iPhoneSimulator
		{75FA9B11-12A6-44CF-809D-9CCE586F925B}.Release|x64.ActiveCfg = Release|iPhone
		{75FA9B11-12A6-44CF-809D-9CCE586F925B}.Release|x86.ActiveCfg = Release|iPhone
	EndGlobalSection
	GlobalSection(SolutionProperties) = preSolution
		HideSolutionNode = FALSE
	EndGlobalSection
	GlobalSection(ExtensibilityGlobals) = postSolution
		SolutionGuid = {478C3D0C-C15A-424C-BD87-7F9802FD427F}
	EndGlobalSection
EndGlobal
